{
  "version": 4,
  "terraform_version": "1.8.3",
  "serial": 12,
  "lineage": "67f2cdf2-6bdc-42e6-573d-c31ee8c73bd9",
  "outputs": {},
  "resources": [
    {
      "mode": "data",
      "type": "aws_instance",
      "name": "ec2",
      "provider": "provider[\"registry.terraform.io/hashicorp/aws\"]",
      "instances": [
        {
          "schema_version": 0,
          "attributes": {
            "ami": "ami-0b54318913c8316f5",
            "arn": "arn:aws:ec2:us-east-1:615687076434:instance/i-0550dee2e6eded39d",
            "associate_public_ip_address": true,
            "availability_zone": "us-east-1c",
            "credit_specification": [
              {
                "cpu_credits": "unlimited"
              }
            ],
            "disable_api_stop": false,
            "disable_api_termination": false,
            "ebs_block_device": [],
            "ebs_optimized": false,
            "enclave_options": [
              {
                "enabled": false
              }
            ],
            "ephemeral_block_device": [],
            "filter": [
              {
                "name": "tag:eks:nodegroup-name",
                "values": [
                  "NG-goodburguer"
                ]
              }
            ],
            "get_password_data": false,
            "get_user_data": false,
            "host_id": "",
            "host_resource_group_arn": "",
            "iam_instance_profile": "eks-e8c7b4f8-20f3-9849-7a7e-0e5adc4cc3b9",
            "id": "i-0550dee2e6eded39d",
            "instance_id": null,
            "instance_state": "running",
            "instance_tags": null,
            "instance_type": "t3a.medium",
            "ipv6_addresses": [],
            "key_name": "",
            "maintenance_options": [
              {
                "auto_recovery": "default"
              }
            ],
            "metadata_options": [
              {
                "http_endpoint": "enabled",
                "http_protocol_ipv6": "disabled",
                "http_put_response_hop_limit": 2,
                "http_tokens": "optional",
                "instance_metadata_tags": "disabled"
              }
            ],
            "monitoring": false,
            "network_interface_id": "eni-0b5f435d0714bfb6a",
            "outpost_arn": "",
            "password_data": null,
            "placement_group": "",
            "placement_partition_number": 0,
            "private_dns": "ip-172-31-37-203.ec2.internal",
            "private_dns_name_options": [
              {
                "enable_resource_name_dns_a_record": false,
                "enable_resource_name_dns_aaaa_record": false,
                "hostname_type": "ip-name"
              }
            ],
            "private_ip": "172.31.37.203",
            "public_dns": "ec2-54-198-231-176.compute-1.amazonaws.com",
            "public_ip": "54.198.231.176",
            "root_block_device": [
              {
                "delete_on_termination": true,
                "device_name": "/dev/xvda",
                "encrypted": false,
                "iops": 150,
                "kms_key_id": "",
                "tags": {},
                "throughput": 0,
                "volume_id": "vol-05ef46443d221d39c",
                "volume_size": 50,
                "volume_type": "gp2"
              }
            ],
            "secondary_private_ips": [
              "172.31.33.95",
              "172.31.34.164",
              "172.31.36.245",
              "172.31.40.212",
              "172.31.47.239"
            ],
            "security_groups": [
              "eks-cluster-sg-goodburguer-1078043203"
            ],
            "source_dest_check": true,
            "subnet_id": "subnet-0183c3c66a25b44ed",
            "tags": {
              "eks:cluster-name": "goodburguer",
              "eks:nodegroup-name": "NG-goodburguer",
              "k8s.io/cluster-autoscaler/enabled": "true",
              "k8s.io/cluster-autoscaler/goodburguer": "owned",
              "kubernetes.io/cluster/goodburguer": "owned"
            },
            "tenancy": "default",
            "timeouts": null,
            "user_data": "16285039dc43cf590906a9c75a8b3adafc2f52e7",
            "user_data_base64": null,
            "vpc_security_group_ids": [
              "sg-07ba25c9901997056"
            ]
          },
          "sensitive_attributes": []
        }
      ]
    },
    {
      "mode": "managed",
      "type": "aws_alb",
      "name": "alb",
      "provider": "provider[\"registry.terraform.io/hashicorp/aws\"]",
      "instances": [
        {
          "schema_version": 0,
          "attributes": {
            "access_logs": [
              {
                "bucket": "",
                "enabled": false,
                "prefix": ""
              }
            ],
            "arn": "arn:aws:elasticloadbalancing:us-east-1:615687076434:loadbalancer/app/ALB-goodburguer/1dec9570cd1d8a9d",
            "arn_suffix": "app/ALB-goodburguer/1dec9570cd1d8a9d",
            "client_keep_alive": 3600,
            "connection_logs": [
              {
                "bucket": "",
                "enabled": false,
                "prefix": ""
              }
            ],
            "customer_owned_ipv4_pool": "",
            "desync_mitigation_mode": "defensive",
            "dns_name": "ALB-goodburguer-53961004.us-east-1.elb.amazonaws.com",
            "dns_record_client_routing_policy": null,
            "drop_invalid_header_fields": false,
            "enable_cross_zone_load_balancing": true,
            "enable_deletion_protection": false,
            "enable_http2": true,
            "enable_tls_version_and_cipher_suite_headers": false,
            "enable_waf_fail_open": false,
            "enable_xff_client_port": false,
            "enforce_security_group_inbound_rules_on_private_link_traffic": "",
            "id": "arn:aws:elasticloadbalancing:us-east-1:615687076434:loadbalancer/app/ALB-goodburguer/1dec9570cd1d8a9d",
            "idle_timeout": 60,
            "internal": false,
            "ip_address_type": "ipv4",
            "load_balancer_type": "application",
            "name": "ALB-goodburguer",
            "name_prefix": "",
            "preserve_host_header": false,
            "security_groups": [
              "sg-0b14ed9d2a472baaf"
            ],
            "subnet_mapping": [
              {
                "allocation_id": "",
                "ipv6_address": "",
                "outpost_id": "",
                "private_ipv4_address": "",
                "subnet_id": "subnet-00b9d57e8a157ac97"
              },
              {
                "allocation_id": "",
                "ipv6_address": "",
                "outpost_id": "",
                "private_ipv4_address": "",
                "subnet_id": "subnet-0183c3c66a25b44ed"
              },
              {
                "allocation_id": "",
                "ipv6_address": "",
                "outpost_id": "",
                "private_ipv4_address": "",
                "subnet_id": "subnet-0c1d5d6102025a707"
              }
            ],
            "subnets": [
              "subnet-00b9d57e8a157ac97",
              "subnet-0183c3c66a25b44ed",
              "subnet-0c1d5d6102025a707"
            ],
            "tags": null,
            "tags_all": {},
            "timeouts": null,
            "vpc_id": "vpc-07f6a22b67492e4c2",
            "xff_header_processing_mode": "append",
            "zone_id": "Z35SXDOTRQ7X7K"
          },
          "sensitive_attributes": [],
          "private": "eyJlMmJmYjczMC1lY2FhLTExZTYtOGY4OC0zNDM2M2JjN2M0YzAiOnsiY3JlYXRlIjo2MDAwMDAwMDAwMDAsImRlbGV0ZSI6NjAwMDAwMDAwMDAwLCJ1cGRhdGUiOjYwMDAwMDAwMDAwMH19",
          "dependencies": [
            "aws_security_group.sg"
          ]
        }
      ]
    },
    {
      "mode": "managed",
      "type": "aws_eks_access_entry",
      "name": "access-entry",
      "provider": "provider[\"registry.terraform.io/hashicorp/aws\"]",
      "instances": [
        {
          "schema_version": 0,
          "attributes": {
            "access_entry_arn": "arn:aws:eks:us-east-1:615687076434:access-entry/goodburguer/role/615687076434/voclabs/24c7b4f8-2127-a59b-24e1-a0b7584338bc",
            "cluster_name": "goodburguer",
            "created_at": "2024-05-11T23:15:04Z",
            "id": "goodburguer:arn:aws:iam::615687076434:role/voclabs",
            "kubernetes_groups": [
              "techchallenge"
            ],
            "modified_at": "2024-05-11T23:15:04Z",
            "principal_arn": "arn:aws:iam::615687076434:role/voclabs",
            "tags": {},
            "tags_all": {},
            "timeouts": null,
            "type": "STANDARD",
            "user_name": "arn:aws:sts::615687076434:assumed-role/voclabs/{{SessionName}}"
          },
          "sensitive_attributes": [],
          "private": "eyJlMmJmYjczMC1lY2FhLTExZTYtOGY4OC0zNDM2M2JjN2M0YzAiOnsiY3JlYXRlIjo2MDAwMDAwMDAwMDAsImRlbGV0ZSI6NjAwMDAwMDAwMDAwfX0=",
          "dependencies": [
            "aws_eks_cluster.goodburguer-eks-cluster",
            "aws_security_group.sg"
          ]
        }
      ]
    },
    {
      "mode": "managed",
      "type": "aws_eks_access_policy_association",
      "name": "eks-policy",
      "provider": "provider[\"registry.terraform.io/hashicorp/aws\"]",
      "instances": [
        {
          "schema_version": 0,
          "attributes": {
            "access_scope": [
              {
                "namespaces": [],
                "type": "cluster"
              }
            ],
            "associated_at": "2024-05-11 23:15:04.549 +0000 UTC",
            "cluster_name": "goodburguer",
            "id": "goodburguer#arn:aws:iam::615687076434:role/voclabs#arn:aws:eks::aws:cluster-access-policy/AmazonEKSClusterAdminPolicy",
            "modified_at": "2024-05-11 23:15:04.549 +0000 UTC",
            "policy_arn": "arn:aws:eks::aws:cluster-access-policy/AmazonEKSClusterAdminPolicy",
            "principal_arn": "arn:aws:iam::615687076434:role/voclabs",
            "timeouts": null
          },
          "sensitive_attributes": [],
          "private": "eyJlMmJmYjczMC1lY2FhLTExZTYtOGY4OC0zNDM2M2JjN2M0YzAiOnsiY3JlYXRlIjo2MDAwMDAwMDAwMDAsImRlbGV0ZSI6NjAwMDAwMDAwMDAwfX0=",
          "dependencies": [
            "aws_eks_cluster.goodburguer-eks-cluster",
            "aws_security_group.sg"
          ]
        }
      ]
    },
    {
      "mode": "managed",
      "type": "aws_eks_cluster",
      "name": "goodburguer-eks-cluster",
      "provider": "provider[\"registry.terraform.io/hashicorp/aws\"]",
      "instances": [
        {
          "schema_version": 0,
          "attributes": {
            "access_config": [
              {
                "authentication_mode": "API_AND_CONFIG_MAP",
                "bootstrap_cluster_creator_admin_permissions": false
              }
            ],
            "arn": "arn:aws:eks:us-east-1:615687076434:cluster/goodburguer",
            "certificate_authority": [
              {
                "data": "LS0tLS1CRUdJTiBDRVJUSUZJQ0FURS0tLS0tCk1JSURCVENDQWUyZ0F3SUJBZ0lJTjNvMkZKVkM0Wjh3RFFZSktvWklodmNOQVFFTEJRQXdGVEVUTUJFR0ExVUUKQXhNS2EzVmlaWEp1WlhSbGN6QWVGdzB5TkRBMU1URXlNekEzTURSYUZ3MHpOREExTURreU16RXlNRFJhTUJVeApFekFSQmdOVkJBTVRDbXQxWW1WeWJtVjBaWE13Z2dFaU1BMEdDU3FHU0liM0RRRUJBUVVBQTRJQkR3QXdnZ0VLCkFvSUJBUUN2MndQbDRNdVpQTFcrRjBHY3c0a1N5dEJPZE5zUlhTOEdhUUV2V3Z2ejgzM2wwaldSYTVQSjhyWUMKcmhIc1dzT1VlRnJxTGhjZDFvNEhiRHB5Q1g3TWYrNlpIS0x3a01MRVhjbmx3TWlxNlY0ak1rb1VKTEc4cFhhRwp6OHhjTmI4WmtsTkJwSHZYbEpDdENIM3Y2M0VJY0ppUlV4K1hMb0N1c0p6c2dJWjRVL1JCTnNPKzEyVFZXb0hoCmE1cGhiZ2srdnZvczR0amVkcUJreUNhSVJJcXk2NUpZdHpYTjZLNE1hQUdGUCtHb0RTVXFEK0dlTFpNdUw0OGcKNUVaUmcyT0gxT0JFc293dWVlYTBSMklYNitOS0hHNDdRa29MeUhFWjR3Sm41ZHNvSENxWGhQbWtTTTNBRDBuTgpSSHI4UTI3NUVobDNJbUhsKzNSVzJ1OEdWSVRuQWdNQkFBR2pXVEJYTUE0R0ExVWREd0VCL3dRRUF3SUNwREFQCkJnTlZIUk1CQWY4RUJUQURBUUgvTUIwR0ExVWREZ1FXQkJRdHlJczluOWM1WTZocU9JdmNtSEdiaFQyNmlqQVYKQmdOVkhSRUVEakFNZ2dwcmRXSmxjbTVsZEdWek1BMEdDU3FHU0liM0RRRUJDd1VBQTRJQkFRQStMcnZodTRyKwo3NG1YSGc3dnMzQVFmYU42dXZhVkszbmNlMm9leVk0WnpQMDJtOWt2YkZNcmFEZ2tjRGFMTm5oK3BOa0xaekpKCnZLaFl5bnQxcnRadWlrcTduTlpERG1YSmlKTHF3cHZTbHdpU0xKUjE0TWRYVnVvTEVXL3RsVGloUFpiTW5MRFMKUVpNT1hzV3hqVytZd2t3T3ZqWXNUclJyTTBNTlBYZHcvU1NGWjdRMGpVeDhwMnRqRGxpOEltUWUrZWpYOEM3Zwp0bEg5OUtqTlc0UU9XUzhBMlNscnBCd3hlTERXdWZQK2VnYkpSSzVyeWhGTDBhdU5XWTBYMFQ5MllJODFBbVVUCk93UW5WOUJEakxsZ1E1Qk95M3VRRjI4a3ZaUG9YOFgyNVRPUnl6Z0JaMm9mZDYvSGxnM1l5anNSaFNaL1VBbnEKNU11ZzJoWmt6ejBiCi0tLS0tRU5EIENFUlRJRklDQVRFLS0tLS0K"
              }
            ],
            "cluster_id": null,
            "created_at": "2024-05-11 23:07:24.68 +0000 UTC",
            "enabled_cluster_log_types": [],
            "encryption_config": [],
            "endpoint": "https://E8D845C74188528DF3D5D6817F8828A9.gr7.us-east-1.eks.amazonaws.com",
            "id": "goodburguer",
            "identity": [
              {
                "oidc": [
                  {
                    "issuer": "https://oidc.eks.us-east-1.amazonaws.com/id/E8D845C74188528DF3D5D6817F8828A9"
                  }
                ]
              }
            ],
            "kubernetes_network_config": [
              {
                "ip_family": "ipv4",
                "service_ipv4_cidr": "10.100.0.0/16",
                "service_ipv6_cidr": ""
              }
            ],
            "name": "goodburguer",
            "outpost_config": [],
            "platform_version": "eks.6",
            "role_arn": "arn:aws:iam::615687076434:role/LabRole",
            "status": "ACTIVE",
            "tags": {},
            "tags_all": {},
            "timeouts": null,
            "version": "1.29",
            "vpc_config": [
              {
                "cluster_security_group_id": "sg-07ba25c9901997056",
                "endpoint_private_access": false,
                "endpoint_public_access": true,
                "public_access_cidrs": [
                  "0.0.0.0/0"
                ],
                "security_group_ids": [
                  "sg-0b14ed9d2a472baaf"
                ],
                "subnet_ids": [
                  "subnet-00b9d57e8a157ac97",
                  "subnet-0183c3c66a25b44ed",
                  "subnet-0c1d5d6102025a707"
                ],
                "vpc_id": "vpc-07f6a22b67492e4c2"
              }
            ]
          },
          "sensitive_attributes": [],
          "private": "eyJlMmJmYjczMC1lY2FhLTExZTYtOGY4OC0zNDM2M2JjN2M0YzAiOnsiY3JlYXRlIjoxODAwMDAwMDAwMDAwLCJkZWxldGUiOjkwMDAwMDAwMDAwMCwidXBkYXRlIjozNjAwMDAwMDAwMDAwfX0=",
          "dependencies": [
            "aws_security_group.sg"
          ]
        }
      ]
    },
    {
      "mode": "managed",
      "type": "aws_eks_node_group",
      "name": "node-group",
      "provider": "provider[\"registry.terraform.io/hashicorp/aws\"]",
      "instances": [
        {
          "schema_version": 0,
          "attributes": {
            "ami_type": "AL2_x86_64",
            "arn": "arn:aws:eks:us-east-1:615687076434:nodegroup/goodburguer/NG-goodburguer/e8c7b4f8-20f3-9849-7a7e-0e5adc4cc3b9",
            "capacity_type": "ON_DEMAND",
            "cluster_name": "goodburguer",
            "disk_size": 50,
            "force_update_version": null,
            "id": "goodburguer:NG-goodburguer",
            "instance_types": [
              "t3a.medium"
            ],
            "labels": {},
            "launch_template": [],
            "node_group_name": "NG-goodburguer",
            "node_group_name_prefix": "",
            "node_role_arn": "arn:aws:iam::615687076434:role/LabRole",
            "release_version": "1.29.3-20240506",
            "remote_access": [],
            "resources": [
              {
                "autoscaling_groups": [
                  {
                    "name": "eks-NG-goodburguer-e8c7b4f8-20f3-9849-7a7e-0e5adc4cc3b9"
                  }
                ],
                "remote_access_security_group_id": ""
              }
            ],
            "scaling_config": [
              {
                "desired_size": 1,
                "max_size": 2,
                "min_size": 1
              }
            ],
            "status": "ACTIVE",
            "subnet_ids": [
              "subnet-00b9d57e8a157ac97",
              "subnet-0183c3c66a25b44ed",
              "subnet-0c1d5d6102025a707"
            ],
            "tags": {},
            "tags_all": {},
            "taint": [],
            "timeouts": null,
            "update_config": [
              {
                "max_unavailable": 1,
                "max_unavailable_percentage": 0
              }
            ],
            "version": "1.29"
          },
          "sensitive_attributes": [],
          "private": "eyJlMmJmYjczMC1lY2FhLTExZTYtOGY4OC0zNDM2M2JjN2M0YzAiOnsiY3JlYXRlIjozNjAwMDAwMDAwMDAwLCJkZWxldGUiOjM2MDAwMDAwMDAwMDAsInVwZGF0ZSI6MzYwMDAwMDAwMDAwMH19",
          "dependencies": [
            "aws_eks_cluster.goodburguer-eks-cluster",
            "aws_security_group.sg"
          ]
        }
      ]
    },
    {
      "mode": "managed",
      "type": "aws_lb_listener",
      "name": "listener",
      "provider": "provider[\"registry.terraform.io/hashicorp/aws\"]",
      "instances": [
        {
          "schema_version": 0,
          "attributes": {
            "alpn_policy": null,
            "arn": "arn:aws:elasticloadbalancing:us-east-1:615687076434:listener/app/ALB-goodburguer/1dec9570cd1d8a9d/7ba6272f308e8fe2",
            "certificate_arn": null,
            "default_action": [
              {
                "authenticate_cognito": [],
                "authenticate_oidc": [],
                "fixed_response": [],
                "forward": [],
                "order": 1,
                "redirect": [],
                "target_group_arn": "arn:aws:elasticloadbalancing:us-east-1:615687076434:targetgroup/TG-goodburguer/d72ed60bd4e3be88",
                "type": "forward"
              }
            ],
            "id": "arn:aws:elasticloadbalancing:us-east-1:615687076434:listener/app/ALB-goodburguer/1dec9570cd1d8a9d/7ba6272f308e8fe2",
            "load_balancer_arn": "arn:aws:elasticloadbalancing:us-east-1:615687076434:loadbalancer/app/ALB-goodburguer/1dec9570cd1d8a9d",
            "mutual_authentication": [],
            "port": 8080,
            "protocol": "HTTP",
            "ssl_policy": "",
            "tags": null,
            "tags_all": {},
            "timeouts": null
          },
          "sensitive_attributes": [],
          "private": "eyJlMmJmYjczMC1lY2FhLTExZTYtOGY4OC0zNDM2M2JjN2M0YzAiOnsiY3JlYXRlIjozMDAwMDAwMDAwMDAsInVwZGF0ZSI6MzAwMDAwMDAwMDAwfX0=",
          "dependencies": [
            "aws_alb.alb",
            "aws_lb_target_group.tg",
            "aws_security_group.sg"
          ]
        }
      ]
    },
    {
      "mode": "managed",
      "type": "aws_lb_target_group",
      "name": "tg",
      "provider": "provider[\"registry.terraform.io/hashicorp/aws\"]",
      "instances": [
        {
          "schema_version": 0,
          "attributes": {
            "arn": "arn:aws:elasticloadbalancing:us-east-1:615687076434:targetgroup/TG-goodburguer/d72ed60bd4e3be88",
            "arn_suffix": "targetgroup/TG-goodburguer/d72ed60bd4e3be88",
            "connection_termination": null,
            "deregistration_delay": "300",
            "health_check": [
              {
                "enabled": true,
                "healthy_threshold": 3,
                "interval": 30,
                "matcher": "200",
                "path": "/actuator/health",
                "port": "8080",
                "protocol": "HTTP",
                "timeout": 5,
                "unhealthy_threshold": 3
              }
            ],
            "id": "arn:aws:elasticloadbalancing:us-east-1:615687076434:targetgroup/TG-goodburguer/d72ed60bd4e3be88",
            "ip_address_type": "ipv4",
            "lambda_multi_value_headers_enabled": false,
            "load_balancer_arns": [],
            "load_balancing_algorithm_type": "round_robin",
            "load_balancing_anomaly_mitigation": "off",
            "load_balancing_cross_zone_enabled": "use_load_balancer_configuration",
            "name": "TG-goodburguer",
            "name_prefix": "",
            "port": 8080,
            "preserve_client_ip": null,
            "protocol": "HTTP",
            "protocol_version": "HTTP1",
            "proxy_protocol_v2": false,
            "slow_start": 0,
            "stickiness": [
              {
                "cookie_duration": 86400,
                "cookie_name": "",
                "enabled": false,
                "type": "lb_cookie"
              }
            ],
            "tags": null,
            "tags_all": {},
            "target_failover": [
              {
                "on_deregistration": null,
                "on_unhealthy": null
              }
            ],
            "target_health_state": [
              {
                "enable_unhealthy_connection_termination": null
              }
            ],
            "target_type": "instance",
            "vpc_id": "vpc-07f6a22b67492e4c2"
          },
          "sensitive_attributes": [],
          "private": "bnVsbA=="
        }
      ]
    },
    {
      "mode": "managed",
      "type": "aws_lb_target_group_attachment",
      "name": "attach",
      "provider": "provider[\"registry.terraform.io/hashicorp/aws\"]",
      "instances": [
        {
          "schema_version": 0,
          "attributes": {
            "availability_zone": null,
            "id": "arn:aws:elasticloadbalancing:us-east-1:615687076434:targetgroup/TG-goodburguer/d72ed60bd4e3be88-20240511234238100700000001",
            "port": 8080,
            "target_group_arn": "arn:aws:elasticloadbalancing:us-east-1:615687076434:targetgroup/TG-goodburguer/d72ed60bd4e3be88",
            "target_id": "i-0550dee2e6eded39d"
          },
          "sensitive_attributes": [],
          "private": "bnVsbA==",
          "dependencies": [
            "aws_lb_target_group.tg",
            "data.aws_instance.ec2"
          ]
        }
      ]
    },
    {
      "mode": "managed",
      "type": "aws_security_group",
      "name": "sg",
      "provider": "provider[\"registry.terraform.io/hashicorp/aws\"]",
      "instances": [
        {
          "schema_version": 1,
          "attributes": {
            "arn": "arn:aws:ec2:us-east-1:615687076434:security-group/sg-0b14ed9d2a472baaf",
            "description": "Grupo de seguranca do Cluster EKS",
            "egress": [
              {
                "cidr_blocks": [
                  "0.0.0.0/0"
                ],
                "description": "All",
                "from_port": 0,
                "ipv6_cidr_blocks": [],
                "prefix_list_ids": [],
                "protocol": "-1",
                "security_groups": [],
                "self": false,
                "to_port": 0
              }
            ],
            "id": "sg-0b14ed9d2a472baaf",
            "ingress": [
              {
                "cidr_blocks": [
                  "0.0.0.0/0"
                ],
                "description": "All",
                "from_port": 8080,
                "ipv6_cidr_blocks": [],
                "prefix_list_ids": [],
                "protocol": "tcp",
                "security_groups": [],
                "self": false,
                "to_port": 8080
              }
            ],
            "name": "SG-goodburguer",
            "name_prefix": "",
            "owner_id": "615687076434",
            "revoke_rules_on_delete": false,
            "tags": {},
            "tags_all": {},
            "timeouts": null,
            "vpc_id": "vpc-07f6a22b67492e4c2"
          },
          "sensitive_attributes": [],
          "private": "eyJlMmJmYjczMC1lY2FhLTExZTYtOGY4OC0zNDM2M2JjN2M0YzAiOnsiY3JlYXRlIjo2MDAwMDAwMDAwMDAsImRlbGV0ZSI6OTAwMDAwMDAwMDAwfSwic2NoZW1hX3ZlcnNpb24iOiIxIn0="
        }
      ]
    }
  ],
  "check_results": null
}
