{
  "version": 4,
  "terraform_version": "1.8.3",
  "serial": 7,
  "lineage": "67f2cdf2-6bdc-42e6-573d-c31ee8c73bd9",
  "outputs": {},
  "resources": [
    {
      "mode": "managed",
      "type": "aws_eks_access_entry",
      "name": "access-entry",
      "provider": "provider[\"registry.terraform.io/hashicorp/aws\"]",
      "instances": [
        {
          "schema_version": 0,
          "attributes": {
            "access_entry_arn": "arn:aws:eks:us-east-1:615687076434:access-entry/goodburguer/role/615687076434/voclabs/24c7b4f8-2127-a59b-24e1-a0b7584338bc",
            "cluster_name": "goodburguer",
            "created_at": "2024-05-11T23:15:04Z",
            "id": "goodburguer:arn:aws:iam::615687076434:role/voclabs",
            "kubernetes_groups": [
              "techchallenge"
            ],
            "modified_at": "2024-05-11T23:15:04Z",
            "principal_arn": "arn:aws:iam::615687076434:role/voclabs",
            "tags": null,
            "tags_all": {},
            "timeouts": null,
            "type": "STANDARD",
            "user_name": "arn:aws:sts::615687076434:assumed-role/voclabs/{{SessionName}}"
          },
          "sensitive_attributes": [],
          "private": "eyJlMmJmYjczMC1lY2FhLTExZTYtOGY4OC0zNDM2M2JjN2M0YzAiOnsiY3JlYXRlIjo2MDAwMDAwMDAwMDAsImRlbGV0ZSI6NjAwMDAwMDAwMDAwfX0=",
          "dependencies": [
            "aws_eks_cluster.goodburguer-eks-cluster",
            "aws_security_group.sg"
          ]
        }
      ]
    },
    {
      "mode": "managed",
      "type": "aws_eks_access_policy_association",
      "name": "eks-policy",
      "provider": "provider[\"registry.terraform.io/hashicorp/aws\"]",
      "instances": [
        {
          "schema_version": 0,
          "attributes": {
            "access_scope": [
              {
                "namespaces": null,
                "type": "cluster"
              }
            ],
            "associated_at": "2024-05-11 23:15:04.549 +0000 UTC",
            "cluster_name": "goodburguer",
            "id": "goodburguer#arn:aws:iam::615687076434:role/voclabs#arn:aws:eks::aws:cluster-access-policy/AmazonEKSClusterAdminPolicy",
            "modified_at": "2024-05-11 23:15:04.549 +0000 UTC",
            "policy_arn": "arn:aws:eks::aws:cluster-access-policy/AmazonEKSClusterAdminPolicy",
            "principal_arn": "arn:aws:iam::615687076434:role/voclabs",
            "timeouts": null
          },
          "sensitive_attributes": [],
          "private": "eyJlMmJmYjczMC1lY2FhLTExZTYtOGY4OC0zNDM2M2JjN2M0YzAiOnsiY3JlYXRlIjo2MDAwMDAwMDAwMDAsImRlbGV0ZSI6NjAwMDAwMDAwMDAwfX0=",
          "dependencies": [
            "aws_eks_cluster.goodburguer-eks-cluster",
            "aws_security_group.sg"
          ]
        }
      ]
    },
    {
      "mode": "managed",
      "type": "aws_eks_cluster",
      "name": "goodburguer-eks-cluster",
      "provider": "provider[\"registry.terraform.io/hashicorp/aws\"]",
      "instances": [
        {
          "schema_version": 0,
          "attributes": {
            "access_config": [
              {
                "authentication_mode": "API_AND_CONFIG_MAP",
                "bootstrap_cluster_creator_admin_permissions": false
              }
            ],
            "arn": "arn:aws:eks:us-east-1:615687076434:cluster/goodburguer",
            "certificate_authority": [
              {
                "data": "LS0tLS1CRUdJTiBDRVJUSUZJQ0FURS0tLS0tCk1JSURCVENDQWUyZ0F3SUJBZ0lJTjNvMkZKVkM0Wjh3RFFZSktvWklodmNOQVFFTEJRQXdGVEVUTUJFR0ExVUUKQXhNS2EzVmlaWEp1WlhSbGN6QWVGdzB5TkRBMU1URXlNekEzTURSYUZ3MHpOREExTURreU16RXlNRFJhTUJVeApFekFSQmdOVkJBTVRDbXQxWW1WeWJtVjBaWE13Z2dFaU1BMEdDU3FHU0liM0RRRUJBUVVBQTRJQkR3QXdnZ0VLCkFvSUJBUUN2MndQbDRNdVpQTFcrRjBHY3c0a1N5dEJPZE5zUlhTOEdhUUV2V3Z2ejgzM2wwaldSYTVQSjhyWUMKcmhIc1dzT1VlRnJxTGhjZDFvNEhiRHB5Q1g3TWYrNlpIS0x3a01MRVhjbmx3TWlxNlY0ak1rb1VKTEc4cFhhRwp6OHhjTmI4WmtsTkJwSHZYbEpDdENIM3Y2M0VJY0ppUlV4K1hMb0N1c0p6c2dJWjRVL1JCTnNPKzEyVFZXb0hoCmE1cGhiZ2srdnZvczR0amVkcUJreUNhSVJJcXk2NUpZdHpYTjZLNE1hQUdGUCtHb0RTVXFEK0dlTFpNdUw0OGcKNUVaUmcyT0gxT0JFc293dWVlYTBSMklYNitOS0hHNDdRa29MeUhFWjR3Sm41ZHNvSENxWGhQbWtTTTNBRDBuTgpSSHI4UTI3NUVobDNJbUhsKzNSVzJ1OEdWSVRuQWdNQkFBR2pXVEJYTUE0R0ExVWREd0VCL3dRRUF3SUNwREFQCkJnTlZIUk1CQWY4RUJUQURBUUgvTUIwR0ExVWREZ1FXQkJRdHlJczluOWM1WTZocU9JdmNtSEdiaFQyNmlqQVYKQmdOVkhSRUVEakFNZ2dwcmRXSmxjbTVsZEdWek1BMEdDU3FHU0liM0RRRUJDd1VBQTRJQkFRQStMcnZodTRyKwo3NG1YSGc3dnMzQVFmYU42dXZhVkszbmNlMm9leVk0WnpQMDJtOWt2YkZNcmFEZ2tjRGFMTm5oK3BOa0xaekpKCnZLaFl5bnQxcnRadWlrcTduTlpERG1YSmlKTHF3cHZTbHdpU0xKUjE0TWRYVnVvTEVXL3RsVGloUFpiTW5MRFMKUVpNT1hzV3hqVytZd2t3T3ZqWXNUclJyTTBNTlBYZHcvU1NGWjdRMGpVeDhwMnRqRGxpOEltUWUrZWpYOEM3Zwp0bEg5OUtqTlc0UU9XUzhBMlNscnBCd3hlTERXdWZQK2VnYkpSSzVyeWhGTDBhdU5XWTBYMFQ5MllJODFBbVVUCk93UW5WOUJEakxsZ1E1Qk95M3VRRjI4a3ZaUG9YOFgyNVRPUnl6Z0JaMm9mZDYvSGxnM1l5anNSaFNaL1VBbnEKNU11ZzJoWmt6ejBiCi0tLS0tRU5EIENFUlRJRklDQVRFLS0tLS0K"
              }
            ],
            "cluster_id": null,
            "created_at": "2024-05-11 23:07:24.68 +0000 UTC",
            "enabled_cluster_log_types": null,
            "encryption_config": [],
            "endpoint": "https://E8D845C74188528DF3D5D6817F8828A9.gr7.us-east-1.eks.amazonaws.com",
            "id": "goodburguer",
            "identity": [
              {
                "oidc": [
                  {
                    "issuer": "https://oidc.eks.us-east-1.amazonaws.com/id/E8D845C74188528DF3D5D6817F8828A9"
                  }
                ]
              }
            ],
            "kubernetes_network_config": [
              {
                "ip_family": "ipv4",
                "service_ipv4_cidr": "10.100.0.0/16",
                "service_ipv6_cidr": ""
              }
            ],
            "name": "goodburguer",
            "outpost_config": [],
            "platform_version": "eks.6",
            "role_arn": "arn:aws:iam::615687076434:role/LabRole",
            "status": "ACTIVE",
            "tags": null,
            "tags_all": {},
            "timeouts": null,
            "version": "1.29",
            "vpc_config": [
              {
                "cluster_security_group_id": "sg-07ba25c9901997056",
                "endpoint_private_access": false,
                "endpoint_public_access": true,
                "public_access_cidrs": [
                  "0.0.0.0/0"
                ],
                "security_group_ids": [
                  "sg-0b14ed9d2a472baaf"
                ],
                "subnet_ids": [
                  "subnet-00b9d57e8a157ac97",
                  "subnet-0183c3c66a25b44ed",
                  "subnet-0c1d5d6102025a707"
                ],
                "vpc_id": "vpc-07f6a22b67492e4c2"
              }
            ]
          },
          "sensitive_attributes": [],
          "private": "eyJlMmJmYjczMC1lY2FhLTExZTYtOGY4OC0zNDM2M2JjN2M0YzAiOnsiY3JlYXRlIjoxODAwMDAwMDAwMDAwLCJkZWxldGUiOjkwMDAwMDAwMDAwMCwidXBkYXRlIjozNjAwMDAwMDAwMDAwfX0=",
          "dependencies": [
            "aws_security_group.sg"
          ]
        }
      ]
    },
    {
      "mode": "managed",
      "type": "aws_eks_node_group",
      "name": "node-group",
      "provider": "provider[\"registry.terraform.io/hashicorp/aws\"]",
      "instances": [
        {
          "schema_version": 0,
          "attributes": {
            "ami_type": "AL2_x86_64",
            "arn": "arn:aws:eks:us-east-1:615687076434:nodegroup/goodburguer/NG-goodburguer/e8c7b4f8-20f3-9849-7a7e-0e5adc4cc3b9",
            "capacity_type": "ON_DEMAND",
            "cluster_name": "goodburguer",
            "disk_size": 50,
            "force_update_version": null,
            "id": "goodburguer:NG-goodburguer",
            "instance_types": [
              "t3a.medium"
            ],
            "labels": null,
            "launch_template": [],
            "node_group_name": "NG-goodburguer",
            "node_group_name_prefix": "",
            "node_role_arn": "arn:aws:iam::615687076434:role/LabRole",
            "release_version": "1.29.3-20240506",
            "remote_access": [],
            "resources": [
              {
                "autoscaling_groups": [
                  {
                    "name": "eks-NG-goodburguer-e8c7b4f8-20f3-9849-7a7e-0e5adc4cc3b9"
                  }
                ],
                "remote_access_security_group_id": ""
              }
            ],
            "scaling_config": [
              {
                "desired_size": 1,
                "max_size": 2,
                "min_size": 1
              }
            ],
            "status": "ACTIVE",
            "subnet_ids": [
              "subnet-00b9d57e8a157ac97",
              "subnet-0183c3c66a25b44ed",
              "subnet-0c1d5d6102025a707"
            ],
            "tags": null,
            "tags_all": {},
            "taint": [],
            "timeouts": null,
            "update_config": [
              {
                "max_unavailable": 1,
                "max_unavailable_percentage": 0
              }
            ],
            "version": "1.29"
          },
          "sensitive_attributes": [],
          "private": "eyJlMmJmYjczMC1lY2FhLTExZTYtOGY4OC0zNDM2M2JjN2M0YzAiOnsiY3JlYXRlIjozNjAwMDAwMDAwMDAwLCJkZWxldGUiOjM2MDAwMDAwMDAwMDAsInVwZGF0ZSI6MzYwMDAwMDAwMDAwMH19",
          "dependencies": [
            "aws_eks_cluster.goodburguer-eks-cluster",
            "aws_security_group.sg"
          ]
        }
      ]
    },
    {
      "mode": "managed",
      "type": "aws_security_group",
      "name": "sg",
      "provider": "provider[\"registry.terraform.io/hashicorp/aws\"]",
      "instances": [
        {
          "schema_version": 1,
          "attributes": {
            "arn": "arn:aws:ec2:us-east-1:615687076434:security-group/sg-0b14ed9d2a472baaf",
            "description": "Grupo de seguranca do Cluster EKS",
            "egress": [
              {
                "cidr_blocks": [
                  "0.0.0.0/0"
                ],
                "description": "All",
                "from_port": 0,
                "ipv6_cidr_blocks": [],
                "prefix_list_ids": [],
                "protocol": "-1",
                "security_groups": [],
                "self": false,
                "to_port": 0
              }
            ],
            "id": "sg-0b14ed9d2a472baaf",
            "ingress": [
              {
                "cidr_blocks": [
                  "0.0.0.0/0"
                ],
                "description": "All",
                "from_port": 8080,
                "ipv6_cidr_blocks": [],
                "prefix_list_ids": [],
                "protocol": "tcp",
                "security_groups": [],
                "self": false,
                "to_port": 8080
              }
            ],
            "name": "SG-goodburguer",
            "name_prefix": "",
            "owner_id": "615687076434",
            "revoke_rules_on_delete": false,
            "tags": null,
            "tags_all": {},
            "timeouts": null,
            "vpc_id": "vpc-07f6a22b67492e4c2"
          },
          "sensitive_attributes": [],
          "private": "eyJlMmJmYjczMC1lY2FhLTExZTYtOGY4OC0zNDM2M2JjN2M0YzAiOnsiY3JlYXRlIjo2MDAwMDAwMDAwMDAsImRlbGV0ZSI6OTAwMDAwMDAwMDAwfSwic2NoZW1hX3ZlcnNpb24iOiIxIn0="
        }
      ]
    }
  ],
  "check_results": null
}
